# This file is generated by running "yarn install" inside your project.
# Manual changes might be lost - proceed with caution!

__metadata:
  version: 8
  cacheKey: 10c0

"@incanta/ue-view-base@portal:../base::locator=%40incanta%2Fue-view-solid%40workspace%3A.":
  version: 0.0.0-use.local
  resolution: "@incanta/ue-view-base@portal:../base::locator=%40incanta%2Fue-view-solid%40workspace%3A."
  languageName: node
  linkType: soft

"@incanta/ue-view-solid@workspace:.":
  version: 0.0.0-use.local
  resolution: "@incanta/ue-view-solid@workspace:."
  dependencies:
    "@incanta/ue-view-base": "portal:../base"
    "@types/node": "npm:^25.0.10"
    solid-js: "npm:^1.9.11"
    typescript: "npm:^5.9.3"
  peerDependencies:
    "@incanta/ue-view-base": "*"
    solid-js: ^1.0.0
  languageName: unknown
  linkType: soft

"@types/node@npm:^25.0.10":
  version: 25.0.10
  resolution: "@types/node@npm:25.0.10"
  dependencies:
    undici-types: "npm:~7.16.0"
  checksum: 10c0/9edc3c812b487c32c76eebac7c87acae1f69515a0bc3f6b545806d513eb9e918c3217bf751dc93da39f60e06bf1b0caa92258ef3a6dd6457124b2e761e54f61f
  languageName: node
  linkType: hard

"csstype@npm:^3.1.0":
  version: 3.2.3
  resolution: "csstype@npm:3.2.3"
  checksum: 10c0/cd29c51e70fa822f1cecd8641a1445bed7063697469d35633b516e60fe8c1bde04b08f6c5b6022136bb669b64c63d4173af54864510fbb4ee23281801841a3ce
  languageName: node
  linkType: hard

"seroval-plugins@npm:~1.5.0":
  version: 1.5.0
  resolution: "seroval-plugins@npm:1.5.0"
  peerDependencies:
    seroval: ^1.0
  checksum: 10c0/a70636d35e0644e37efad37963e6d41ae9e4a02fbf1b57c89dbe4d62122908039e8a0fda1720b8a56aea93741735b2028ada6d3d50c1d40bbb67661f0de92042
  languageName: node
  linkType: hard

"seroval@npm:~1.5.0":
  version: 1.5.0
  resolution: "seroval@npm:1.5.0"
  checksum: 10c0/aff16b14a7145388555cefd4ebd41759024ee1c2c064080fd8d4fabea4b7c89d103155cd98f5109523b8878e577da73cc6cd8abf98965f2d1f0ba19dc38317ab
  languageName: node
  linkType: hard

"solid-js@npm:^1.9.11":
  version: 1.9.11
  resolution: "solid-js@npm:1.9.11"
  dependencies:
    csstype: "npm:^3.1.0"
    seroval: "npm:~1.5.0"
    seroval-plugins: "npm:~1.5.0"
  checksum: 10c0/78b55d47b11a9f65410f78d3bd604b96540557b396681c08df02ad5cad800b2ea9ddbfceab832055b5fbddd3072d925cefda25616d8f380e70292a264ceb8854
  languageName: node
  linkType: hard

"typescript@npm:^5.9.3":
  version: 5.9.3
  resolution: "typescript@npm:5.9.3"
  bin:
    tsc: bin/tsc
    tsserver: bin/tsserver
  checksum: 10c0/6bd7552ce39f97e711db5aa048f6f9995b53f1c52f7d8667c1abdc1700c68a76a308f579cd309ce6b53646deb4e9a1be7c813a93baaf0a28ccd536a30270e1c5
  languageName: node
  linkType: hard

"typescript@patch:typescript@npm%3A^5.9.3#optional!builtin<compat/typescript>":
  version: 5.9.3
  resolution: "typescript@patch:typescript@npm%3A5.9.3#optional!builtin<compat/typescript>::version=5.9.3&hash=5786d5"
  bin:
    tsc: bin/tsc
    tsserver: bin/tsserver
  checksum: 10c0/ad09fdf7a756814dce65bc60c1657b40d44451346858eea230e10f2e95a289d9183b6e32e5c11e95acc0ccc214b4f36289dcad4bf1886b0adb84d711d336a430
  languageName: node
  linkType: hard

"undici-types@npm:~7.16.0":
  version: 7.16.0
  resolution: "undici-types@npm:7.16.0"
  checksum: 10c0/3033e2f2b5c9f1504bdc5934646cb54e37ecaca0f9249c983f7b1fc2e87c6d18399ebb05dc7fd5419e02b2e915f734d872a65da2e3eeed1813951c427d33cc9a
  languageName: node
  linkType: hard
