# This file is generated by running "yarn install" inside your project.
# Manual changes might be lost - proceed with caution!

__metadata:
  version: 8
  cacheKey: 10c0

"@types/node@npm:^25.0.10":
  version: 25.0.10
  resolution: "@types/node@npm:25.0.10"
  dependencies:
    undici-types: "npm:~7.16.0"
  checksum: 10c0/9edc3c812b487c32c76eebac7c87acae1f69515a0bc3f6b545806d513eb9e918c3217bf751dc93da39f60e06bf1b0caa92258ef3a6dd6457124b2e761e54f61f
  languageName: node
  linkType: hard

"@types/react@npm:^19.2.3":
  version: 19.2.9
  resolution: "@types/react@npm:19.2.9"
  dependencies:
    csstype: "npm:^3.2.2"
  checksum: 10c0/91c6839edd10ebdab4cd686d2a744e6ae078ed5831a36d48284ae92df0463c89bda1084ffdd2e6445f0716236c2c6ae0828b82f70720727632331695f4581d2a
  languageName: node
  linkType: hard

"@unreal/chromium-view-react@workspace:.":
  version: 0.0.0-use.local
  resolution: "@unreal/chromium-view-react@workspace:."
  dependencies:
    "@types/node": "npm:^25.0.10"
    "@types/react": "npm:^19.2.3"
    "@unreal/chromium-view": "portal:../TypeScript"
    react: "npm:^19.2.3"
    typescript: "npm:^5.9.3"
  languageName: unknown
  linkType: soft

"@unreal/chromium-view@portal:../TypeScript::locator=%40unreal%2Fchromium-view-react%40workspace%3A.":
  version: 0.0.0-use.local
  resolution: "@unreal/chromium-view@portal:../TypeScript::locator=%40unreal%2Fchromium-view-react%40workspace%3A."
  languageName: node
  linkType: soft

"csstype@npm:^3.2.2":
  version: 3.2.3
  resolution: "csstype@npm:3.2.3"
  checksum: 10c0/cd29c51e70fa822f1cecd8641a1445bed7063697469d35633b516e60fe8c1bde04b08f6c5b6022136bb669b64c63d4173af54864510fbb4ee23281801841a3ce
  languageName: node
  linkType: hard

"react@npm:^19.2.3":
  version: 19.2.3
  resolution: "react@npm:19.2.3"
  checksum: 10c0/094220b3ba3a76c1b668f972ace1dd15509b157aead1b40391d1c8e657e720c201d9719537375eff08f5e0514748c0319063392a6f000e31303aafc4471f1436
  languageName: node
  linkType: hard

"typescript@npm:^5.9.3":
  version: 5.9.3
  resolution: "typescript@npm:5.9.3"
  bin:
    tsc: bin/tsc
    tsserver: bin/tsserver
  checksum: 10c0/6bd7552ce39f97e711db5aa048f6f9995b53f1c52f7d8667c1abdc1700c68a76a308f579cd309ce6b53646deb4e9a1be7c813a93baaf0a28ccd536a30270e1c5
  languageName: node
  linkType: hard

"typescript@patch:typescript@npm%3A^5.9.3#optional!builtin<compat/typescript>":
  version: 5.9.3
  resolution: "typescript@patch:typescript@npm%3A5.9.3#optional!builtin<compat/typescript>::version=5.9.3&hash=5786d5"
  bin:
    tsc: bin/tsc
    tsserver: bin/tsserver
  checksum: 10c0/ad09fdf7a756814dce65bc60c1657b40d44451346858eea230e10f2e95a289d9183b6e32e5c11e95acc0ccc214b4f36289dcad4bf1886b0adb84d711d336a430
  languageName: node
  linkType: hard

"undici-types@npm:~7.16.0":
  version: 7.16.0
  resolution: "undici-types@npm:7.16.0"
  checksum: 10c0/3033e2f2b5c9f1504bdc5934646cb54e37ecaca0f9249c983f7b1fc2e87c6d18399ebb05dc7fd5419e02b2e915f734d872a65da2e3eeed1813951c427d33cc9a
  languageName: node
  linkType: hard
